
Microsoft Visual Studio Solution File, Format Version 12.00
# Visual Studio 2012
Project("{FAE04EC0-301F-11D3-BF4B-00C04F79EFBC}") = "test_GitHubFinal", "test_GitHubFinal\test_GitHubFinal.csproj", "{D985B5B6-A523-4087-A8CB-5CED219AB4C3}"
EndProject
Global
	GlobalSection(SolutionConfigurationPlatforms) = preSolution
		Debug|Any CPU = Debug|Any CPU
		Release|Any CPU = Release|Any CPU
	EndGlobalSection
	GlobalSection(ProjectConfigurationPlatforms) = postSolution
		{D985B5B6-A523-4087-A8CB-5CED219AB4C3}.Debug|Any CPU.ActiveCfg = Debug|Any CPU
		{D985B5B6-A523-4087-A8CB-5CED219AB4C3}.Debug|Any CPU.Build.0 = Debug|Any CPU
		{D985B5B6-A523-4087-A8CB-5CED219AB4C3}.Release|Any CPU.ActiveCfg = Release|Any CPU
		{D985B5B6-A523-4087-A8CB-5CED219AB4C3}.Release|Any CPU.Build.0 = Release|Any CPU
	EndGlobalSection
	GlobalSection(SolutionProperties) = preSolution
		HideSolutionNode = FALSE
	EndGlobalSection
EndGlobal
